
Microsoft Visual Studio Solution File, Format Version 12.00
# Visual Studio Version 16
VisualStudioVersion = 16.0.30907.101
MinimumVisualStudioVersion = 10.0.40219.1
Project("{FAE04EC0-301F-11D3-BF4B-00C04F79EFBC}") = "ClasesFundamentos", "ClasesFundamentos\ClasesFundamentos.csproj", "{DD0CA89C-D71C-4FE4-BEE4-231392D58176}"
EndProject
Project("{FAE04EC0-301F-11D3-BF4B-00C04F79EFBC}") = "ManejoFunciones", "ManejoFunciones\ManejoFunciones.csproj", "{B3F22CB3-023A-4D6E-8070-2A890343CB73}"
EndProject
Project("{FAE04EC0-301F-11D3-BF4B-00C04F79EFBC}") = "IntroPOO", "IntroPOO\IntroPOO.csproj", "{4DFA5E6F-4AC8-4146-A10D-454FB7278E48}"
EndProject
Project("{FAE04EC0-301F-11D3-BF4B-00C04F79EFBC}") = "ManejadorEstudianteControllers", "ManejadorEstudianteControllers\ManejadorEstudianteControllers.csproj", "{11296C80-C526-4018-B6C6-8FEC42E52E9A}"
EndProject
Project("{FAE04EC0-301F-11D3-BF4B-00C04F79EFBC}") = "ManagerStudentsConsoleUI", "ManagerStudentsConsoleUI\ManagerStudentsConsoleUI.csproj", "{9DDD0D8D-1B87-4909-AA84-40BD84468D57}"
EndProject
Global
	GlobalSection(SolutionConfigurationPlatforms) = preSolution
		Debug|Any CPU = Debug|Any CPU
		Release|Any CPU = Release|Any CPU
	EndGlobalSection
	GlobalSection(ProjectConfigurationPlatforms) = postSolution
		{DD0CA89C-D71C-4FE4-BEE4-231392D58176}.Debug|Any CPU.ActiveCfg = Debug|Any CPU
		{DD0CA89C-D71C-4FE4-BEE4-231392D58176}.Debug|Any CPU.Build.0 = Debug|Any CPU
		{DD0CA89C-D71C-4FE4-BEE4-231392D58176}.Release|Any CPU.ActiveCfg = Release|Any CPU
		{DD0CA89C-D71C-4FE4-BEE4-231392D58176}.Release|Any CPU.Build.0 = Release|Any CPU
		{B3F22CB3-023A-4D6E-8070-2A890343CB73}.Debug|Any CPU.ActiveCfg = Debug|Any CPU
		{B3F22CB3-023A-4D6E-8070-2A890343CB73}.Debug|Any CPU.Build.0 = Debug|Any CPU
		{B3F22CB3-023A-4D6E-8070-2A890343CB73}.Release|Any CPU.ActiveCfg = Release|Any CPU
		{B3F22CB3-023A-4D6E-8070-2A890343CB73}.Release|Any CPU.Build.0 = Release|Any CPU
		{4DFA5E6F-4AC8-4146-A10D-454FB7278E48}.Debug|Any CPU.ActiveCfg = Debug|Any CPU
		{4DFA5E6F-4AC8-4146-A10D-454FB7278E48}.Debug|Any CPU.Build.0 = Debug|Any CPU
		{4DFA5E6F-4AC8-4146-A10D-454FB7278E48}.Release|Any CPU.ActiveCfg = Release|Any CPU
		{4DFA5E6F-4AC8-4146-A10D-454FB7278E48}.Release|Any CPU.Build.0 = Release|Any CPU
		{11296C80-C526-4018-B6C6-8FEC42E52E9A}.Debug|Any CPU.ActiveCfg = Debug|Any CPU
		{11296C80-C526-4018-B6C6-8FEC42E52E9A}.Debug|Any CPU.Build.0 = Debug|Any CPU
		{11296C80-C526-4018-B6C6-8FEC42E52E9A}.Release|Any CPU.ActiveCfg = Release|Any CPU
		{11296C80-C526-4018-B6C6-8FEC42E52E9A}.Release|Any CPU.Build.0 = Release|Any CPU
		{9DDD0D8D-1B87-4909-AA84-40BD84468D57}.Debug|Any CPU.ActiveCfg = Debug|Any CPU
		{9DDD0D8D-1B87-4909-AA84-40BD84468D57}.Debug|Any CPU.Build.0 = Debug|Any CPU
		{9DDD0D8D-1B87-4909-AA84-40BD84468D57}.Release|Any CPU.ActiveCfg = Release|Any CPU
		{9DDD0D8D-1B87-4909-AA84-40BD84468D57}.Release|Any CPU.Build.0 = Release|Any CPU
	EndGlobalSection
	GlobalSection(SolutionProperties) = preSolution
		HideSolutionNode = FALSE
	EndGlobalSection
	GlobalSection(ExtensibilityGlobals) = postSolution
		SolutionGuid = {0B2313D9-1EF1-4CC1-AA62-F85BA2BC54EE}
	EndGlobalSection
EndGlobal
